
Microsoft Visual Studio Solution File, Format Version 12.00
# Visual Studio Version 17
VisualStudioVersion = 17.14.37012.4 d17.14
MinimumVisualStudioVersion = 10.0.40219.1
Project("{FAE04EC0-301F-11D3-BF4B-00C04F79EFBC}") = "fer-movie-mvc", "fer-movie-mvc\fer-movie-mvc.csproj", "{9246079F-94F1-4AE0-B3E5-1296E71B93C8}"
EndProject
Global
	GlobalSection(SolutionConfigurationPlatforms) = preSolution
		Debug|Any CPU = Debug|Any CPU
		Release|Any CPU = Release|Any CPU
	EndGlobalSection
	GlobalSection(ProjectConfigurationPlatforms) = postSolution
		{9246079F-94F1-4AE0-B3E5-1296E71B93C8}.Debug|Any CPU.ActiveCfg = Debug|Any CPU
		{9246079F-94F1-4AE0-B3E5-1296E71B93C8}.Debug|Any CPU.Build.0 = Debug|Any CPU
		{9246079F-94F1-4AE0-B3E5-1296E71B93C8}.Release|Any CPU.ActiveCfg = Release|Any CPU
		{9246079F-94F1-4AE0-B3E5-1296E71B93C8}.Release|Any CPU.Build.0 = Release|Any CPU
	EndGlobalSection
	GlobalSection(SolutionProperties) = preSolution
		HideSolutionNode = FALSE
	EndGlobalSection
	GlobalSection(ExtensibilityGlobals) = postSolution
		SolutionGuid = {27EFEB65-BC11-4BDF-A5B7-9241669F93AF}
	EndGlobalSection
EndGlobal
